
Microsoft Visual Studio Solution File, Format Version 11.00
# Visual Studio 2010
Project("{FAE04EC0-301F-11D3-BF4B-00C04F79EFBC}") = "DropUpload", "DropUpload\DropUpload.csproj", "{391D9EF5-9511-4A5F-B9F4-6614C2151654}"
EndProject
Global
	GlobalSection(SolutionConfigurationPlatforms) = preSolution
		Debug|Any CPU = Debug|Any CPU
		Release|Any CPU = Release|Any CPU
	EndGlobalSection
	GlobalSection(ProjectConfigurationPlatforms) = postSolution
		{391D9EF5-9511-4A5F-B9F4-6614C2151654}.Debug|Any CPU.ActiveCfg = Debug|Any CPU
		{391D9EF5-9511-4A5F-B9F4-6614C2151654}.Debug|Any CPU.Build.0 = Debug|Any CPU
		{391D9EF5-9511-4A5F-B9F4-6614C2151654}.Release|Any CPU.ActiveCfg = Release|Any CPU
		{391D9EF5-9511-4A5F-B9F4-6614C2151654}.Release|Any CPU.Build.0 = Release|Any CPU
	EndGlobalSection
	GlobalSection(SolutionProperties) = preSolution
		HideSolutionNode = FALSE
	EndGlobalSection
EndGlobal
